// !$*UTF8*$!
{
	archiveVersion = 1;
	classes = {
	};
	objectVersion = 46;
	objects = {

/* Begin PBXBuildFile section */
		C4192AC01C919098003982BB /* readme.md in Sources */ = {isa = PBXBuildFile; fileRef = C4192ABF1C919098003982BB /* readme.md */; };
		C4192AC31C91AEAB003982BB /* TwoPaySdk.m in Sources */ = {isa = PBXBuildFile; fileRef = C4192AC21C91AEAB003982BB /* TwoPaySdk.m */; };
		C4D16A121C75BBF8001EC770 /* pay_icon.png in Resources */ = {isa = PBXBuildFile; fileRef = C4D16A111C75BBF8001EC770 /* pay_icon.png */; };
		C4DB80A01C74A94A006830E5 /* main.m in Sources */ = {isa = PBXBuildFile; fileRef = C4DB809F1C74A94A006830E5 /* main.m */; };
		C4DB80A31C74A94A006830E5 /* AppDelegate.m in Sources */ = {isa = PBXBuildFile; fileRef = C4DB80A21C74A94A006830E5 /* AppDelegate.m */; };
		C4DB80AB1C74A94A006830E5 /* Assets.xcassets in Resources */ = {isa = PBXBuildFile; fileRef = C4DB80AA1C74A94A006830E5 /* Assets.xcassets */; };
		C4DB80B71C74AA5D006830E5 /* StartViewController.m in Sources */ = {isa = PBXBuildFile; fileRef = C4DB80B61C74AA5D006830E5 /* StartViewController.m */; };
		C4DB80BA1C74D364006830E5 /* 2pay_white_logo.png in Resources */ = {isa = PBXBuildFile; fileRef = C4DB80B91C74D364006830E5 /* 2pay_white_logo.png */; };
		C4DB80BD1C74D6CD006830E5 /* PayViewController.m in Sources */ = {isa = PBXBuildFile; fileRef = C4DB80BC1C74D6CD006830E5 /* PayViewController.m */; };
/* End PBXBuildFile section */

/* Begin PBXFileReference section */
		C4192ABF1C919098003982BB /* readme.md */ = {isa = PBXFileReference; fileEncoding = 4; lastKnownFileType = net.daringfireball.markdown; path = readme.md; sourceTree = "<group>"; };
		C4192AC11C91AEAB003982BB /* TwoPaySdk.h */ = {isa = PBXFileReference; fileEncoding = 4; lastKnownFileType = sourcecode.c.h; path = TwoPaySdk.h; sourceTree = "<group>"; };
		C4192AC21C91AEAB003982BB /* TwoPaySdk.m */ = {isa = PBXFileReference; fileEncoding = 4; lastKnownFileType = sourcecode.c.objc; path = TwoPaySdk.m; sourceTree = "<group>"; };
		C4D16A111C75BBF8001EC770 /* pay_icon.png */ = {isa = PBXFileReference; lastKnownFileType = image.png; path = pay_icon.png; sourceTree = "<group>"; };
		C4DB809B1C74A94A006830E5 /* 2PayDemoSdk.app */ = {isa = PBXFileReference; explicitFileType = wrapper.application; includeInIndex = 0; path = 2PayDemoSdk.app; sourceTree = BUILT_PRODUCTS_DIR; };
		C4DB809F1C74A94A006830E5 /* main.m */ = {isa = PBXFileReference; lastKnownFileType = sourcecode.c.objc; path = main.m; sourceTree = "<group>"; };
		C4DB80A11C74A94A006830E5 /* AppDelegate.h */ = {isa = PBXFileReference; lastKnownFileType = sourcecode.c.h; path = AppDelegate.h; sourceTree = "<group>"; };
		C4DB80A21C74A94A006830E5 /* AppDelegate.m */ = {isa = PBXFileReference; lastKnownFileType = sourcecode.c.objc; path = AppDelegate.m; sourceTree = "<group>"; };
		C4DB80AA1C74A94A006830E5 /* Assets.xcassets */ = {isa = PBXFileReference; lastKnownFileType = folder.assetcatalog; path = Assets.xcassets; sourceTree = "<group>"; };
		C4DB80AF1C74A94A006830E5 /* Info.plist */ = {isa = PBXFileReference; lastKnownFileType = text.plist.xml; path = Info.plist; sourceTree = "<group>"; };
		C4DB80B51C74AA5D006830E5 /* StartViewController.h */ = {isa = PBXFileReference; fileEncoding = 4; lastKnownFileType = sourcecode.c.h; path = StartViewController.h; sourceTree = "<group>"; };
		C4DB80B61C74AA5D006830E5 /* StartViewController.m */ = {isa = PBXFileReference; fileEncoding = 4; lastKnownFileType = sourcecode.c.objc; path = StartViewController.m; sourceTree = "<group>"; };
		C4DB80B91C74D364006830E5 /* 2pay_white_logo.png */ = {isa = PBXFileReference; lastKnownFileType = image.png; path = 2pay_white_logo.png; sourceTree = "<group>"; };
		C4DB80BB1C74D6CD006830E5 /* PayViewController.h */ = {isa = PBXFileReference; fileEncoding = 4; lastKnownFileType = sourcecode.c.h; path = PayViewController.h; sourceTree = "<group>"; };
		C4DB80BC1C74D6CD006830E5 /* PayViewController.m */ = {isa = PBXFileReference; fileEncoding = 4; lastKnownFileType = sourcecode.c.objc; path = PayViewController.m; sourceTree = "<group>"; };
/* End PBXFileReference section */

/* Begin PBXFrameworksBuildPhase section */
		C4DB80981C74A94A006830E5 /* Frameworks */ = {
			isa = PBXFrameworksBuildPhase;
			buildActionMask = 2147483647;
			files = (
			);
			runOnlyForDeploymentPostprocessing = 0;
		};
/* End PBXFrameworksBuildPhase section */

/* Begin PBXGroup section */
		C4DB80921C74A94A006830E5 = {
			isa = PBXGroup;
			children = (
				C4192ABF1C919098003982BB /* readme.md */,
				C4DB809D1C74A94A006830E5 /* 2PayDemoSdk */,
				C4DB809C1C74A94A006830E5 /* Products */,
			);
			sourceTree = "<group>";
		};
		C4DB809C1C74A94A006830E5 /* Products */ = {
			isa = PBXGroup;
			children = (
				C4DB809B1C74A94A006830E5 /* 2PayDemoSdk.app */,
			);
			name = Products;
			sourceTree = "<group>";
		};
		C4DB809D1C74A94A006830E5 /* 2PayDemoSdk */ = {
			isa = PBXGroup;
			children = (
				C4192AC11C91AEAB003982BB /* TwoPaySdk.h */,
				C4192AC21C91AEAB003982BB /* TwoPaySdk.m */,
				C4DB80B81C74D364006830E5 /* images */,
				C4DB80A11C74A94A006830E5 /* AppDelegate.h */,
				C4DB80A21C74A94A006830E5 /* AppDelegate.m */,
				C4DB80B51C74AA5D006830E5 /* StartViewController.h */,
				C4DB80B61C74AA5D006830E5 /* StartViewController.m */,
				C4DB80BB1C74D6CD006830E5 /* PayViewController.h */,
				C4DB80BC1C74D6CD006830E5 /* PayViewController.m */,
				C4DB80AA1C74A94A006830E5 /* Assets.xcassets */,
				C4DB80AF1C74A94A006830E5 /* Info.plist */,
				C4DB809E1C74A94A006830E5 /* Supporting Files */,
			);
			path = 2PayDemoSdk;
			sourceTree = "<group>";
		};
		C4DB809E1C74A94A006830E5 /* Supporting Files */ = {
			isa = PBXGroup;
			children = (
				C4DB809F1C74A94A006830E5 /* main.m */,
			);
			name = "Supporting Files";
			sourceTree = "<group>";
		};
		C4DB80B81C74D364006830E5 /* images */ = {
			isa = PBXGroup;
			children = (
				C4D16A111C75BBF8001EC770 /* pay_icon.png */,
				C4DB80B91C74D364006830E5 /* 2pay_white_logo.png */,
			);
			path = images;
			sourceTree = "<group>";
		};
/* End PBXGroup section */

/* Begin PBXNativeTarget section */
		C4DB809A1C74A94A006830E5 /* 2PayDemoSdk */ = {
			isa = PBXNativeTarget;
			buildConfigurationList = C4DB80B21C74A94A006830E5 /* Build configuration list for PBXNativeTarget "2PayDemoSdk" */;
			buildPhases = (
				C4DB80971C74A94A006830E5 /* Sources */,
				C4DB80981C74A94A006830E5 /* Frameworks */,
				C4DB80991C74A94A006830E5 /* Resources */,
			);
			buildRules = (
			);
			dependencies = (
			);
			name = 2PayDemoSdk;
			productName = 2PayDemoSdk;
			productReference = C4DB809B1C74A94A006830E5 /* 2PayDemoSdk.app */;
			productType = "com.apple.product-type.application";
		};
/* End PBXNativeTarget section */

/* Begin PBXProject section */
		C4DB80931C74A94A006830E5 /* Project object */ = {
			isa = PBXProject;
			attributes = {
				LastUpgradeCheck = 0720;
				ORGANIZATIONNAME = "i-contact";
				TargetAttributes = {
					C4DB809A1C74A94A006830E5 = {
						CreatedOnToolsVersion = 7.2.1;
						DevelopmentTeam = L9SD7M67UG;
					};
				};
			};
			buildConfigurationList = C4DB80961C74A94A006830E5 /* Build configuration list for PBXProject "2PayDemoSdk" */;
			compatibilityVersion = "Xcode 3.2";
			developmentRegion = English;
			hasScannedForEncodings = 0;
			knownRegions = (
				en,
				Base,
			);
			mainGroup = C4DB80921C74A94A006830E5;
			productRefGroup = C4DB809C1C74A94A006830E5 /* Products */;
			projectDirPath = "";
			projectRoot = "";
			targets = (
				C4DB809A1C74A94A006830E5 /* 2PayDemoSdk */,
			);
		};
/* End PBXProject section */

/* Begin PBXResourcesBuildPhase section */
		C4DB80991C74A94A006830E5 /* Resources */ = {
			isa = PBXResourcesBuildPhase;
			buildActionMask = 2147483647;
			files = (
				C4D16A121C75BBF8001EC770 /* pay_icon.png in Resources */,
				C4DB80BA1C74D364006830E5 /* 2pay_white_logo.png in Resources */,
				C4DB80AB1C74A94A006830E5 /* Assets.xcassets in Resources */,
			);
			runOnlyForDeploymentPostprocessing = 0;
		};
/* End PBXResourcesBuildPhase section */

/* Begin PBXSourcesBuildPhase section */
		C4DB80971C74A94A006830E5 /* Sources */ = {
			isa = PBXSourcesBuildPhase;
			buildActionMask = 2147483647;
			files = (
				C4192AC31C91AEAB003982BB /* TwoPaySdk.m in Sources */,
				C4DB80B71C74AA5D006830E5 /* StartViewController.m in Sources */,
				C4DB80A31C74A94A006830E5 /* AppDelegate.m in Sources */,
				C4DB80A01C74A94A006830E5 /* main.m in Sources */,
				C4192AC01C919098003982BB /* readme.md in Sources */,
				C4DB80BD1C74D6CD006830E5 /* PayViewController.m in Sources */,
			);
			runOnlyForDeploymentPostprocessing = 0;
		};
/* End PBXSourcesBuildPhase section */

/* Begin XCBuildConfiguration section */
		C4DB80B01C74A94A006830E5 /* Debug */ = {
			isa = XCBuildConfiguration;
			buildSettings = {
				ALWAYS_SEARCH_USER_PATHS = NO;
				CLANG_CXX_LANGUAGE_STANDARD = "gnu++0x";
				CLANG_CXX_LIBRARY = "libc++";
				CLANG_ENABLE_MODULES = YES;
				CLANG_ENABLE_OBJC_ARC = YES;
				CLANG_WARN_BOOL_CONVERSION = YES;
				CLANG_WARN_CONSTANT_CONVERSION = YES;
				CLANG_WARN_DIRECT_OBJC_ISA_USAGE = YES_ERROR;
				CLANG_WARN_EMPTY_BODY = YES;
				CLANG_WARN_ENUM_CONVERSION = YES;
				CLANG_WARN_INT_CONVERSION = YES;
				CLANG_WARN_OBJC_ROOT_CLASS = YES_ERROR;
				CLANG_WARN_UNREACHABLE_CODE = YES;
				CLANG_WARN__DUPLICATE_METHOD_MATCH = YES;
				"CODE_SIGN_IDENTITY[sdk=iphoneos*]" = "iPhone Developer";
				COPY_PHASE_STRIP = NO;
				DEBUG_INFORMATION_FORMAT = dwarf;
				ENABLE_STRICT_OBJC_MSGSEND = YES;
				ENABLE_TESTABILITY = YES;
				GCC_C_LANGUAGE_STANDARD = gnu99;
				GCC_DYNAMIC_NO_PIC = NO;
				GCC_NO_COMMON_BLOCKS = YES;
				GCC_OPTIMIZATION_LEVEL = 0;
				GCC_PREPROCESSOR_DEFINITIONS = (
					"DEBUG=1",
					"$(inherited)",
				);
				GCC_WARN_64_TO_32_BIT_CONVERSION = YES;
				GCC_WARN_ABOUT_RETURN_TYPE = YES_ERROR;
				GCC_WARN_UNDECLARED_SELECTOR = YES;
				GCC_WARN_UNINITIALIZED_AUTOS = YES_AGGRESSIVE;
				GCC_WARN_UNUSED_FUNCTION = YES;
				GCC_WARN_UNUSED_VARIABLE = YES;
				IPHONEOS_DEPLOYMENT_TARGET = 9.2;
				MTL_ENABLE_DEBUG_INFO = YES;
				ONLY_ACTIVE_ARCH = YES;
				SDKROOT = iphoneos;
				TARGETED_DEVICE_FAMILY = "1,2";
			};
			name = Debug;
		};
		C4DB80B11C74A94A006830E5 /* Release */ = {
			isa = XCBuildConfiguration;
			buildSettings = {
				ALWAYS_SEARCH_USER_PATHS = NO;
				CLANG_CXX_LANGUAGE_STANDARD = "gnu++0x";
				CLANG_CXX_LIBRARY = "libc++";
				CLANG_ENABLE_MODULES = YES;
				CLANG_ENABLE_OBJC_ARC = YES;
				CLANG_WARN_BOOL_CONVERSION = YES;
				CLANG_WARN_CONSTANT_CONVERSION = YES;
				CLANG_WARN_DIRECT_OBJC_ISA_USAGE = YES_ERROR;
				CLANG_WARN_EMPTY_BODY = YES;
				CLANG_WARN_ENUM_CONVERSION = YES;
				CLANG_WARN_INT_CONVERSION = YES;
				CLANG_WARN_OBJC_ROOT_CLASS = YES_ERROR;
				CLANG_WARN_UNREACHABLE_CODE = YES;
				CLANG_WARN__DUPLICATE_METHOD_MATCH = YES;
				"CODE_SIGN_IDENTITY[sdk=iphoneos*]" = "iPhone Developer";
				COPY_PHASE_STRIP = NO;
				DEBUG_INFORMATION_FORMAT = "dwarf-with-dsym";
				ENABLE_NS_ASSERTIONS = NO;
				ENABLE_STRICT_OBJC_MSGSEND = YES;
				GCC_C_LANGUAGE_STANDARD = gnu99;
				GCC_NO_COMMON_BLOCKS = YES;
				GCC_WARN_64_TO_32_BIT_CONVERSION = YES;
				GCC_WARN_ABOUT_RETURN_TYPE = YES_ERROR;
				GCC_WARN_UNDECLARED_SELECTOR = YES;
				GCC_WARN_UNINITIALIZED_AUTOS = YES_AGGRESSIVE;
				GCC_WARN_UNUSED_FUNCTION = YES;
				GCC_WARN_UNUSED_VARIABLE = YES;
				IPHONEOS_DEPLOYMENT_TARGET = 9.2;
				MTL_ENABLE_DEBUG_INFO = NO;
				SDKROOT = iphoneos;
				TARGETED_DEVICE_FAMILY = "1,2";
				VALIDATE_PRODUCT = YES;
			};
			name = Release;
		};
		C4DB80B31C74A94A006830E5 /* Debug */ = {
			isa = XCBuildConfiguration;
			buildSettings = {
				ASSETCATALOG_COMPILER_APPICON_NAME = AppIcon;
				DEVELOPMENT_TEAM = L9SD7M67UG;
				INFOPLIST_FILE = 2PayDemoSdk/Info.plist;
				IPHONEOS_DEPLOYMENT_TARGET = 7.0;
				LD_RUNPATH_SEARCH_PATHS = "$(inherited) @executable_path/Frameworks";
				PRODUCT_BUNDLE_IDENTIFIER = it.i.contact.demosdk2pay;
				PRODUCT_NAME = "$(TARGET_NAME)";
				TARGETED_DEVICE_FAMILY = "1,2";
			};
			name = Debug;
		};
		C4DB80B41C74A94A006830E5 /* Release */ = {
			isa = XCBuildConfiguration;
			buildSettings = {
				ASSETCATALOG_COMPILER_APPICON_NAME = AppIcon;
				DEVELOPMENT_TEAM = L9SD7M67UG;
				INFOPLIST_FILE = 2PayDemoSdk/Info.plist;
				IPHONEOS_DEPLOYMENT_TARGET = 7.0;
				LD_RUNPATH_SEARCH_PATHS = "$(inherited) @executable_path/Frameworks";
				PRODUCT_BUNDLE_IDENTIFIER = it.i.contact.demosdk2pay;
				PRODUCT_NAME = "$(TARGET_NAME)";
				TARGETED_DEVICE_FAMILY = "1,2";
			};
			name = Release;
		};
/* End XCBuildConfiguration section */

/* Begin XCConfigurationList section */
		C4DB80961C74A94A006830E5 /* Build configuration list for PBXProject "2PayDemoSdk" */ = {
			isa = XCConfigurationList;
			buildConfigurations = (
				C4DB80B01C74A94A006830E5 /* Debug */,
				C4DB80B11C74A94A006830E5 /* Release */,
			);
			defaultConfigurationIsVisible = 0;
			defaultConfigurationName = Release;
		};
		C4DB80B21C74A94A006830E5 /* Build configuration list for PBXNativeTarget "2PayDemoSdk" */ = {
			isa = XCConfigurationList;
			buildConfigurations = (
				C4DB80B31C74A94A006830E5 /* Debug */,
				C4DB80B41C74A94A006830E5 /* Release */,
			);
			defaultConfigurationIsVisible = 0;
			defaultConfigurationName = Release;
		};
/* End XCConfigurationList section */
	};
	rootObject = C4DB80931C74A94A006830E5 /* Project object */;
}
